// !$*UTF8*$!
{
	archiveVersion = 1;
	classes = {
	};
	objectVersion = 56;
	objects = {

/* Begin PBXBuildFile section */
		3F52ABC12B66EA5300A4DBD7 /* BlackValleyComicsApp.swift in Sources */ = {isa = PBXBuildFile; fileRef = 3F52ABC02B66EA5300A4DBD7 /* BlackValleyComicsApp.swift */; };
		3F52ABC32B66EA5300A4DBD7 /* ContentView.swift in Sources */ = {isa = PBXBuildFile; fileRef = 3F52ABC22B66EA5300A4DBD7 /* ContentView.swift */; };
		3F52ABC52B66EA5400A4DBD7 /* Assets.xcassets in Resources */ = {isa = PBXBuildFile; fileRef = 3F52ABC42B66EA5400A4DBD7 /* Assets.xcassets */; };
		3F52ABC82B66EA5400A4DBD7 /* Preview Assets.xcassets in Resources */ = {isa = PBXBuildFile; fileRef = 3F52ABC72B66EA5400A4DBD7 /* Preview Assets.xcassets */; };
		3F52ABCA2B66EA5400A4DBD7 /* Persistence.swift in Sources */ = {isa = PBXBuildFile; fileRef = 3F52ABC92B66EA5400A4DBD7 /* Persistence.swift */; };
		3F52ABCD2B66EA5400A4DBD7 /* BlackValleyComics.xcdatamodeld in Sources */ = {isa = PBXBuildFile; fileRef = 3F52ABCB2B66EA5400A4DBD7 /* BlackValleyComics.xcdatamodeld */; };
		3F52ABD72B66EA5500A4DBD7 /* BlackValleyComicsTests.swift in Sources */ = {isa = PBXBuildFile; fileRef = 3F52ABD62B66EA5500A4DBD7 /* BlackValleyComicsTests.swift */; };
		3F52ABE12B66EA5500A4DBD7 /* BlackValleyComicsUITests.swift in Sources */ = {isa = PBXBuildFile; fileRef = 3F52ABE02B66EA5500A4DBD7 /* BlackValleyComicsUITests.swift */; };
		3F52ABE32B66EA5500A4DBD7 /* BlackValleyComicsUITestsLaunchTests.swift in Sources */ = {isa = PBXBuildFile; fileRef = 3F52ABE22B66EA5500A4DBD7 /* BlackValleyComicsUITestsLaunchTests.swift */; };
/* End PBXBuildFile section */

/* Begin PBXContainerItemProxy section */
		3F52ABD32B66EA5500A4DBD7 /* PBXContainerItemProxy */ = {
			isa = PBXContainerItemProxy;
			containerPortal = 3F52ABB52B66EA5300A4DBD7 /* Project object */;
			proxyType = 1;
			remoteGlobalIDString = 3F52ABBC2B66EA5300A4DBD7;
			remoteInfo = BlackValleyComics;
		};
		3F52ABDD2B66EA5500A4DBD7 /* PBXContainerItemProxy */ = {
			isa = PBXContainerItemProxy;
			containerPortal = 3F52ABB52B66EA5300A4DBD7 /* Project object */;
			proxyType = 1;
			remoteGlobalIDString = 3F52ABBC2B66EA5300A4DBD7;
			remoteInfo = BlackValleyComics;
		};
/* End PBXContainerItemProxy section */

/* Begin PBXFileReference section */
		3F52ABBD2B66EA5300A4DBD7 /* BlackValleyComics.app */ = {isa = PBXFileReference; explicitFileType = wrapper.application; includeInIndex = 0; path = BlackValleyComics.app; sourceTree = BUILT_PRODUCTS_DIR; };
		3F52ABC02B66EA5300A4DBD7 /* BlackValleyComicsApp.swift */ = {isa = PBXFileReference; lastKnownFileType = sourcecode.swift; path = BlackValleyComicsApp.swift; sourceTree = "<group>"; };
		3F52ABC22B66EA5300A4DBD7 /* ContentView.swift */ = {isa = PBXFileReference; lastKnownFileType = sourcecode.swift; path = ContentView.swift; sourceTree = "<group>"; };
		3F52ABC42B66EA5400A4DBD7 /* Assets.xcassets */ = {isa = PBXFileReference; lastKnownFileType = folder.assetcatalog; path = Assets.xcassets; sourceTree = "<group>"; };
		3F52ABC72B66EA5400A4DBD7 /* Preview Assets.xcassets */ = {isa = PBXFileReference; lastKnownFileType = folder.assetcatalog; path = "Preview Assets.xcassets"; sourceTree = "<group>"; };
		3F52ABC92B66EA5400A4DBD7 /* Persistence.swift */ = {isa = PBXFileReference; lastKnownFileType = sourcecode.swift; path = Persistence.swift; sourceTree = "<group>"; };
		3F52ABCC2B66EA5400A4DBD7 /* BlackValleyComics.xcdatamodel */ = {isa = PBXFileReference; lastKnownFileType = wrapper.xcdatamodel; path = BlackValleyComics.xcdatamodel; sourceTree = "<group>"; };
		3F52ABD22B66EA5500A4DBD7 /* BlackValleyComicsTests.xctest */ = {isa = PBXFileReference; explicitFileType = wrapper.cfbundle; includeInIndex = 0; path = BlackValleyComicsTests.xctest; sourceTree = BUILT_PRODUCTS_DIR; };
		3F52ABD62B66EA5500A4DBD7 /* BlackValleyComicsTests.swift */ = {isa = PBXFileReference; lastKnownFileType = sourcecode.swift; path = BlackValleyComicsTests.swift; sourceTree = "<group>"; };
		3F52ABDC2B66EA5500A4DBD7 /* BlackValleyComicsUITests.xctest */ = {isa = PBXFileReference; explicitFileType = wrapper.cfbundle; includeInIndex = 0; path = BlackValleyComicsUITests.xctest; sourceTree = BUILT_PRODUCTS_DIR; };
		3F52ABE02B66EA5500A4DBD7 /* BlackValleyComicsUITests.swift */ = {isa = PBXFileReference; lastKnownFileType = sourcecode.swift; path = BlackValleyComicsUITests.swift; sourceTree = "<group>"; };
		3F52ABE22B66EA5500A4DBD7 /* BlackValleyComicsUITestsLaunchTests.swift */ = {isa = PBXFileReference; lastKnownFileType = sourcecode.swift; path = BlackValleyComicsUITestsLaunchTests.swift; sourceTree = "<group>"; };
/* End PBXFileReference section */

/* Begin PBXFrameworksBuildPhase section */
		3F52ABBA2B66EA5300A4DBD7 /* Frameworks */ = {
			isa = PBXFrameworksBuildPhase;
			buildActionMask = 2147483647;
			files = (
			);
			runOnlyForDeploymentPostprocessing = 0;
		};
		3F52ABCF2B66EA5500A4DBD7 /* Frameworks */ = {
			isa = PBXFrameworksBuildPhase;
			buildActionMask = 2147483647;
			files = (
			);
			runOnlyForDeploymentPostprocessing = 0;
		};
		3F52ABD92B66EA5500A4DBD7 /* Frameworks */ = {
			isa = PBXFrameworksBuildPhase;
			buildActionMask = 2147483647;
			files = (
			);
			runOnlyForDeploymentPostprocessing = 0;
		};
/* End PBXFrameworksBuildPhase section */

/* Begin PBXGroup section */
		3F52ABB42B66EA5300A4DBD7 = {
			isa = PBXGroup;
			children = (
				3F52ABBF2B66EA5300A4DBD7 /* BlackValleyComics */,
				3F52ABD52B66EA5500A4DBD7 /* BlackValleyComicsTests */,
				3F52ABDF2B66EA5500A4DBD7 /* BlackValleyComicsUITests */,
				3F52ABBE2B66EA5300A4DBD7 /* Products */,
			);
			sourceTree = "<group>";
		};
		3F52ABBE2B66EA5300A4DBD7 /* Products */ = {
			isa = PBXGroup;
			children = (
				3F52ABBD2B66EA5300A4DBD7 /* BlackValleyComics.app */,
				3F52ABD22B66EA5500A4DBD7 /* BlackValleyComicsTests.xctest */,
				3F52ABDC2B66EA5500A4DBD7 /* BlackValleyComicsUITests.xctest */,
			);
			name = Products;
			sourceTree = "<group>";
		};
		3F52ABBF2B66EA5300A4DBD7 /* BlackValleyComics */ = {
			isa = PBXGroup;
			children = (
				3F52ABC02B66EA5300A4DBD7 /* BlackValleyComicsApp.swift */,
				3F52ABC22B66EA5300A4DBD7 /* ContentView.swift */,
				3F52ABC42B66EA5400A4DBD7 /* Assets.xcassets */,
				3F52ABC92B66EA5400A4DBD7 /* Persistence.swift */,
				3F52ABCB2B66EA5400A4DBD7 /* BlackValleyComics.xcdatamodeld */,
				3F52ABC62B66EA5400A4DBD7 /* Preview Content */,
			);
			path = BlackValleyComics;
			sourceTree = "<group>";
		};
		3F52ABC62B66EA5400A4DBD7 /* Preview Content */ = {
			isa = PBXGroup;
			children = (
				3F52ABC72B66EA5400A4DBD7 /* Preview Assets.xcassets */,
			);
			path = "Preview Content";
			sourceTree = "<group>";
		};
		3F52ABD52B66EA5500A4DBD7 /* BlackValleyComicsTests */ = {
			isa = PBXGroup;
			children = (
				3F52ABD62B66EA5500A4DBD7 /* BlackValleyComicsTests.swift */,
			);
			path = BlackValleyComicsTests;
			sourceTree = "<group>";
		};
		3F52ABDF2B66EA5500A4DBD7 /* BlackValleyComicsUITests */ = {
			isa = PBXGroup;
			children = (
				3F52ABE02B66EA5500A4DBD7 /* BlackValleyComicsUITests.swift */,
				3F52ABE22B66EA5500A4DBD7 /* BlackValleyComicsUITestsLaunchTests.swift */,
			);
			path = BlackValleyComicsUITests;
			sourceTree = "<group>";
		};
/* End PBXGroup section */

/* Begin PBXNativeTarget section */
		3F52ABBC2B66EA5300A4DBD7 /* BlackValleyComics */ = {
			isa = PBXNativeTarget;
			buildConfigurationList = 3F52ABE62B66EA5500A4DBD7 /* Build configuration list for PBXNativeTarget "BlackValleyComics" */;
			buildPhases = (
				3F52ABB92B66EA5300A4DBD7 /* Sources */,
				3F52ABBA2B66EA5300A4DBD7 /* Frameworks */,
				3F52ABBB2B66EA5300A4DBD7 /* Resources */,
			);
			buildRules = (
			);
			dependencies = (
			);
			name = BlackValleyComics;
			productName = BlackValleyComics;
			productReference = 3F52ABBD2B66EA5300A4DBD7 /* BlackValleyComics.app */;
			productType = "com.apple.product-type.application";
		};
		3F52ABD12B66EA5500A4DBD7 /* BlackValleyComicsTests */ = {
			isa = PBXNativeTarget;
			buildConfigurationList = 3F52ABE92B66EA5500A4DBD7 /* Build configuration list for PBXNativeTarget "BlackValleyComicsTests" */;
			buildPhases = (
				3F52ABCE2B66EA5500A4DBD7 /* Sources */,
				3F52ABCF2B66EA5500A4DBD7 /* Frameworks */,
				3F52ABD02B66EA5500A4DBD7 /* Resources */,
			);
			buildRules = (
			);
			dependencies = (
				3F52ABD42B66EA5500A4DBD7 /* PBXTargetDependency */,
			);
			name = BlackValleyComicsTests;
			productName = BlackValleyComicsTests;
			productReference = 3F52ABD22B66EA5500A4DBD7 /* BlackValleyComicsTests.xctest */;
			productType = "com.apple.product-type.bundle.unit-test";
		};
		3F52ABDB2B66EA5500A4DBD7 /* BlackValleyComicsUITests */ = {
			isa = PBXNativeTarget;
			buildConfigurationList = 3F52ABEC2B66EA5500A4DBD7 /* Build configuration list for PBXNativeTarget "BlackValleyComicsUITests" */;
			buildPhases = (
				3F52ABD82B66EA5500A4DBD7 /* Sources */,
				3F52ABD92B66EA5500A4DBD7 /* Frameworks */,
				3F52ABDA2B66EA5500A4DBD7 /* Resources */,
			);
			buildRules = (
			);
			dependencies = (
				3F52ABDE2B66EA5500A4DBD7 /* PBXTargetDependency */,
			);
			name = BlackValleyComicsUITests;
			productName = BlackValleyComicsUITests;
			productReference = 3F52ABDC2B66EA5500A4DBD7 /* BlackValleyComicsUITests.xctest */;
			productType = "com.apple.product-type.bundle.ui-testing";
		};
/* End PBXNativeTarget section */

/* Begin PBXProject section */
		3F52ABB52B66EA5300A4DBD7 /* Project object */ = {
			isa = PBXProject;
			attributes = {
				BuildIndependentTargetsInParallel = 1;
				LastSwiftUpdateCheck = 1500;
				LastUpgradeCheck = 1500;
				TargetAttributes = {
					3F52ABBC2B66EA5300A4DBD7 = {
						CreatedOnToolsVersion = 15.0;
					};
					3F52ABD12B66EA5500A4DBD7 = {
						CreatedOnToolsVersion = 15.0;
						TestTargetID = 3F52ABBC2B66EA5300A4DBD7;
					};
					3F52ABDB2B66EA5500A4DBD7 = {
						CreatedOnToolsVersion = 15.0;
						TestTargetID = 3F52ABBC2B66EA5300A4DBD7;
					};
				};
			};
			buildConfigurationList = 3F52ABB82B66EA5300A4DBD7 /* Build configuration list for PBXProject "BlackValleyComics" */;
			compatibilityVersion = "Xcode 14.0";
			developmentRegion = en;
			hasScannedForEncodings = 0;
			knownRegions = (
				en,
				Base,
			);
			mainGroup = 3F52ABB42B66EA5300A4DBD7;
			productRefGroup = 3F52ABBE2B66EA5300A4DBD7 /* Products */;
			projectDirPath = "";
			projectRoot = "";
			targets = (
				3F52ABBC2B66EA5300A4DBD7 /* BlackValleyComics */,
				3F52ABD12B66EA5500A4DBD7 /* BlackValleyComicsTests */,
				3F52ABDB2B66EA5500A4DBD7 /* BlackValleyComicsUITests */,
			);
		};
/* End PBXProject section */

/* Begin PBXResourcesBuildPhase section */
		3F52ABBB2B66EA5300A4DBD7 /* Resources */ = {
			isa = PBXResourcesBuildPhase;
			buildActionMask = 2147483647;
			files = (
				3F52ABC82B66EA5400A4DBD7 /* Preview Assets.xcassets in Resources */,
				3F52ABC52B66EA5400A4DBD7 /* Assets.xcassets in Resources */,
			);
			runOnlyForDeploymentPostprocessing = 0;
		};
		3F52ABD02B66EA5500A4DBD7 /* Resources */ = {
			isa = PBXResourcesBuildPhase;
			buildActionMask = 2147483647;
			files = (
			);
			runOnlyForDeploymentPostprocessing = 0;
		};
		3F52ABDA2B66EA5500A4DBD7 /* Resources */ = {
			isa = PBXResourcesBuildPhase;
			buildActionMask = 2147483647;
			files = (
			);
			runOnlyForDeploymentPostprocessing = 0;
		};
/* End PBXResourcesBuildPhase section */

/* Begin PBXSourcesBuildPhase section */
		3F52ABB92B66EA5300A4DBD7 /* Sources */ = {
			isa = PBXSourcesBuildPhase;
			buildActionMask = 2147483647;
			files = (
				3F52ABCA2B66EA5400A4DBD7 /* Persistence.swift in Sources */,
				3F52ABC32B66EA5300A4DBD7 /* ContentView.swift in Sources */,
				3F52ABCD2B66EA5400A4DBD7 /* BlackValleyComics.xcdatamodeld in Sources */,
				3F52ABC12B66EA5300A4DBD7 /* BlackValleyComicsApp.swift in Sources */,
			);
			runOnlyForDeploymentPostprocessing = 0;
		};
		3F52ABCE2B66EA5500A4DBD7 /* Sources */ = {
			isa = PBXSourcesBuildPhase;
			buildActionMask = 2147483647;
			files = (
				3F52ABD72B66EA5500A4DBD7 /* BlackValleyComicsTests.swift in Sources */,
			);
			runOnlyForDeploymentPostprocessing = 0;
		};
		3F52ABD82B66EA5500A4DBD7 /* Sources */ = {
			isa = PBXSourcesBuildPhase;
			buildActionMask = 2147483647;
			files = (
				3F52ABE12B66EA5500A4DBD7 /* BlackValleyComicsUITests.swift in Sources */,
				3F52ABE32B66EA5500A4DBD7 /* BlackValleyComicsUITestsLaunchTests.swift in Sources */,
			);
			runOnlyForDeploymentPostprocessing = 0;
		};
/* End PBXSourcesBuildPhase section */

/* Begin PBXTargetDependency section */
		3F52ABD42B66EA5500A4DBD7 /* PBXTargetDependency */ = {
			isa = PBXTargetDependency;
			target = 3F52ABBC2B66EA5300A4DBD7 /* BlackValleyComics */;
			targetProxy = 3F52ABD32B66EA5500A4DBD7 /* PBXContainerItemProxy */;
		};
		3F52ABDE2B66EA5500A4DBD7 /* PBXTargetDependency */ = {
			isa = PBXTargetDependency;
			target = 3F52ABBC2B66EA5300A4DBD7 /* BlackValleyComics */;
			targetProxy = 3F52ABDD2B66EA5500A4DBD7 /* PBXContainerItemProxy */;
		};
/* End PBXTargetDependency section */

/* Begin XCBuildConfiguration section */
		3F52ABE42B66EA5500A4DBD7 /* Debug */ = {
			isa = XCBuildConfiguration;
			buildSettings = {
				ALWAYS_SEARCH_USER_PATHS = NO;
				ASSETCATALOG_COMPILER_GENERATE_SWIFT_ASSET_SYMBOL_EXTENSIONS = YES;
				CLANG_ANALYZER_NONNULL = YES;
				CLANG_ANALYZER_NUMBER_OBJECT_CONVERSION = YES_AGGRESSIVE;
				CLANG_CXX_LANGUAGE_STANDARD = "gnu++20";
				CLANG_ENABLE_MODULES = YES;
				CLANG_ENABLE_OBJC_ARC = YES;
				CLANG_ENABLE_OBJC_WEAK = YES;
				CLANG_WARN_BLOCK_CAPTURE_AUTORELEASING = YES;
				CLANG_WARN_BOOL_CONVERSION = YES;
				CLANG_WARN_COMMA = YES;
				CLANG_WARN_CONSTANT_CONVERSION = YES;
				CLANG_WARN_DEPRECATED_OBJC_IMPLEMENTATIONS = YES;
				CLANG_WARN_DIRECT_OBJC_ISA_USAGE = YES_ERROR;
				CLANG_WARN_DOCUMENTATION_COMMENTS = YES;
				CLANG_WARN_EMPTY_BODY = YES;
				CLANG_WARN_ENUM_CONVERSION = YES;
				CLANG_WARN_INFINITE_RECURSION = YES;
				CLANG_WARN_INT_CONVERSION = YES;
				CLANG_WARN_NON_LITERAL_NULL_CONVERSION = YES;
				CLANG_WARN_OBJC_IMPLICIT_RETAIN_SELF = YES;
				CLANG_WARN_OBJC_LITERAL_CONVERSION = YES;
				CLANG_WARN_OBJC_ROOT_CLASS = YES_ERROR;
				CLANG_WARN_QUOTED_INCLUDE_IN_FRAMEWORK_HEADER = YES;
				CLANG_WARN_RANGE_LOOP_ANALYSIS = YES;
				CLANG_WARN_STRICT_PROTOTYPES = YES;
				CLANG_WARN_SUSPICIOUS_MOVE = YES;
				CLANG_WARN_UNGUARDED_AVAILABILITY = YES_AGGRESSIVE;
				CLANG_WARN_UNREACHABLE_CODE = YES;
				CLANG_WARN__DUPLICATE_METHOD_MATCH = YES;
				COPY_PHASE_STRIP = NO;
				DEBUG_INFORMATION_FORMAT = dwarf;
				ENABLE_STRICT_OBJC_MSGSEND = YES;
				ENABLE_TESTABILITY = YES;
				ENABLE_USER_SCRIPT_SANDBOXING = YES;
				GCC_C_LANGUAGE_STANDARD = gnu17;
				GCC_DYNAMIC_NO_PIC = NO;
				GCC_NO_COMMON_BLOCKS = YES;
				GCC_OPTIMIZATION_LEVEL = 0;
				GCC_PREPROCESSOR_DEFINITIONS = (
					"DEBUG=1",
					"$(inherited)",
				);
				GCC_WARN_64_TO_32_BIT_CONVERSION = YES;
				GCC_WARN_ABOUT_RETURN_TYPE = YES_ERROR;
				GCC_WARN_UNDECLARED_SELECTOR = YES;
				GCC_WARN_UNINITIALIZED_AUTOS = YES_AGGRESSIVE;
				GCC_WARN_UNUSED_FUNCTION = YES;
				GCC_WARN_UNUSED_VARIABLE = YES;
				IPHONEOS_DEPLOYMENT_TARGET = 17.0;
				LOCALIZATION_PREFERS_STRING_CATALOGS = YES;
				MTL_ENABLE_DEBUG_INFO = INCLUDE_SOURCE;
				MTL_FAST_MATH = YES;
				ONLY_ACTIVE_ARCH = YES;
				SDKROOT = iphoneos;
				SWIFT_ACTIVE_COMPILATION_CONDITIONS = "DEBUG $(inherited)";
				SWIFT_OPTIMIZATION_LEVEL = "-Onone";
			};
			name = Debug;
		};
		3F52ABE52B66EA5500A4DBD7 /* Release */ = {
			isa = XCBuildConfiguration;
			buildSettings = {
				ALWAYS_SEARCH_USER_PATHS = NO;
				ASSETCATALOG_COMPILER_GENERATE_SWIFT_ASSET_SYMBOL_EXTENSIONS = YES;
				CLANG_ANALYZER_NONNULL = YES;
				CLANG_ANALYZER_NUMBER_OBJECT_CONVERSION = YES_AGGRESSIVE;
				CLANG_CXX_LANGUAGE_STANDARD = "gnu++20";
				CLANG_ENABLE_MODULES = YES;
				CLANG_ENABLE_OBJC_ARC = YES;
				CLANG_ENABLE_OBJC_WEAK = YES;
				CLANG_WARN_BLOCK_CAPTURE_AUTORELEASING = YES;
				CLANG_WARN_BOOL_CONVERSION = YES;
				CLANG_WARN_COMMA = YES;
				CLANG_WARN_CONSTANT_CONVERSION = YES;
				CLANG_WARN_DEPRECATED_OBJC_IMPLEMENTATIONS = YES;
				CLANG_WARN_DIRECT_OBJC_ISA_USAGE = YES_ERROR;
				CLANG_WARN_DOCUMENTATION_COMMENTS = YES;
				CLANG_WARN_EMPTY_BODY = YES;
				CLANG_WARN_ENUM_CONVERSION = YES;
				CLANG_WARN_INFINITE_RECURSION = YES;
				CLANG_WARN_INT_CONVERSION = YES;
				CLANG_WARN_NON_LITERAL_NULL_CONVERSION = YES;
				CLANG_WARN_OBJC_IMPLICIT_RETAIN_SELF = YES;
				CLANG_WARN_OBJC_LITERAL_CONVERSION = YES;
				CLANG_WARN_OBJC_ROOT_CLASS = YES_ERROR;
				CLANG_WARN_QUOTED_INCLUDE_IN_FRAMEWORK_HEADER = YES;
				CLANG_WARN_RANGE_LOOP_ANALYSIS = YES;
				CLANG_WARN_STRICT_PROTOTYPES = YES;
				CLANG_WARN_SUSPICIOUS_MOVE = YES;
				CLANG_WARN_UNGUARDED_AVAILABILITY = YES_AGGRESSIVE;
				CLANG_WARN_UNREACHABLE_CODE = YES;
				CLANG_WARN__DUPLICATE_METHOD_MATCH = YES;
				COPY_PHASE_STRIP = NO;
				DEBUG_INFORMATION_FORMAT = "dwarf-with-dsym";
				ENABLE_NS_ASSERTIONS = NO;
				ENABLE_STRICT_OBJC_MSGSEND = YES;
				ENABLE_USER_SCRIPT_SANDBOXING = YES;
				GCC_C_LANGUAGE_STANDARD = gnu17;
				GCC_NO_COMMON_BLOCKS = YES;
				GCC_WARN_64_TO_32_BIT_CONVERSION = YES;
				GCC_WARN_ABOUT_RETURN_TYPE = YES_ERROR;
				GCC_WARN_UNDECLARED_SELECTOR = YES;
				GCC_WARN_UNINITIALIZED_AUTOS = YES_AGGRESSIVE;
				GCC_WARN_UNUSED_FUNCTION = YES;
				GCC_WARN_UNUSED_VARIABLE = YES;
				IPHONEOS_DEPLOYMENT_TARGET = 17.0;
				LOCALIZATION_PREFERS_STRING_CATALOGS = YES;
				MTL_ENABLE_DEBUG_INFO = NO;
				MTL_FAST_MATH = YES;
				SDKROOT = iphoneos;
				SWIFT_COMPILATION_MODE = wholemodule;
				VALIDATE_PRODUCT = YES;
			};
			name = Release;
		};
		3F52ABE72B66EA5500A4DBD7 /* Debug */ = {
			isa = XCBuildConfiguration;
			buildSettings = {
				ASSETCATALOG_COMPILER_APPICON_NAME = AppIcon;
				ASSETCATALOG_COMPILER_GLOBAL_ACCENT_COLOR_NAME = AccentColor;
				CODE_SIGN_STYLE = Automatic;
				CURRENT_PROJECT_VERSION = 1;
				DEVELOPMENT_ASSET_PATHS = "\"BlackValleyComics/Preview Content\"";
				DEVELOPMENT_TEAM = 42GXJBRR46;
				ENABLE_PREVIEWS = YES;
				GENERATE_INFOPLIST_FILE = YES;
				INFOPLIST_KEY_UIApplicationSceneManifest_Generation = YES;
				INFOPLIST_KEY_UIApplicationSupportsIndirectInputEvents = YES;
				INFOPLIST_KEY_UILaunchScreen_Generation = YES;
				INFOPLIST_KEY_UISupportedInterfaceOrientations_iPad = "UIInterfaceOrientationPortrait UIInterfaceOrientationPortraitUpsideDown UIInterfaceOrientationLandscapeLeft UIInterfaceOrientationLandscapeRight";
				INFOPLIST_KEY_UISupportedInterfaceOrientations_iPhone = "UIInterfaceOrientationPortrait UIInterfaceOrientationLandscapeLeft UIInterfaceOrientationLandscapeRight";
				LD_RUNPATH_SEARCH_PATHS = (
					"$(inherited)",
					"@executable_path/Frameworks",
				);
				MARKETING_VERSION = 1.0;
				PRODUCT_BUNDLE_IDENTIFIER = vipataeliel.BlackValleyComics;
				PRODUCT_NAME = "$(TARGET_NAME)";
				SWIFT_EMIT_LOC_STRINGS = YES;
				SWIFT_VERSION = 5.0;
				TARGETED_DEVICE_FAMILY = "1,2";
			};
			name = Debug;
		};
		3F52ABE82B66EA5500A4DBD7 /* Release */ = {
			isa = XCBuildConfiguration;
			buildSettings = {
				ASSETCATALOG_COMPILER_APPICON_NAME = AppIcon;
				ASSETCATALOG_COMPILER_GLOBAL_ACCENT_COLOR_NAME = AccentColor;
				CODE_SIGN_STYLE = Automatic;
				CURRENT_PROJECT_VERSION = 1;
				DEVELOPMENT_ASSET_PATHS = "\"BlackValleyComics/Preview Content\"";
				DEVELOPMENT_TEAM = 42GXJBRR46;
				ENABLE_PREVIEWS = YES;
				GENERATE_INFOPLIST_FILE = YES;
				INFOPLIST_KEY_UIApplicationSceneManifest_Generation = YES;
				INFOPLIST_KEY_UIApplicationSupportsIndirectInputEvents = YES;
				INFOPLIST_KEY_UILaunchScreen_Generation = YES;
				INFOPLIST_KEY_UISupportedInterfaceOrientations_iPad = "UIInterfaceOrientationPortrait UIInterfaceOrientationPortraitUpsideDown UIInterfaceOrientationLandscapeLeft UIInterfaceOrientationLandscapeRight";
				INFOPLIST_KEY_UISupportedInterfaceOrientations_iPhone = "UIInterfaceOrientationPortrait UIInterfaceOrientationLandscapeLeft UIInterfaceOrientationLandscapeRight";
				LD_RUNPATH_SEARCH_PATHS = (
					"$(inherited)",
					"@executable_path/Frameworks",
				);
				MARKETING_VERSION = 1.0;
				PRODUCT_BUNDLE_IDENTIFIER = vipataeliel.BlackValleyComics;
				PRODUCT_NAME = "$(TARGET_NAME)";
				SWIFT_EMIT_LOC_STRINGS = YES;
				SWIFT_VERSION = 5.0;
				TARGETED_DEVICE_FAMILY = "1,2";
			};
			name = Release;
		};
		3F52ABEA2B66EA5500A4DBD7 /* Debug */ = {
			isa = XCBuildConfiguration;
			buildSettings = {
				ALWAYS_EMBED_SWIFT_STANDARD_LIBRARIES = YES;
				BUNDLE_LOADER = "$(TEST_HOST)";
				CODE_SIGN_STYLE = Automatic;
				CURRENT_PROJECT_VERSION = 1;
				DEVELOPMENT_TEAM = 42GXJBRR46;
				GENERATE_INFOPLIST_FILE = YES;
				IPHONEOS_DEPLOYMENT_TARGET = 17.0;
				MARKETING_VERSION = 1.0;
				PRODUCT_BUNDLE_IDENTIFIER = vipataeliel.BlackValleyComicsTests;
				PRODUCT_NAME = "$(TARGET_NAME)";
				SWIFT_EMIT_LOC_STRINGS = NO;
				SWIFT_VERSION = 5.0;
				TARGETED_DEVICE_FAMILY = "1,2";
				TEST_HOST = "$(BUILT_PRODUCTS_DIR)/BlackValleyComics.app/$(BUNDLE_EXECUTABLE_FOLDER_PATH)/BlackValleyComics";
			};
			name = Debug;
		};
		3F52ABEB2B66EA5500A4DBD7 /* Release */ = {
			isa = XCBuildConfiguration;
			buildSettings = {
				ALWAYS_EMBED_SWIFT_STANDARD_LIBRARIES = YES;
				BUNDLE_LOADER = "$(TEST_HOST)";
				CODE_SIGN_STYLE = Automatic;
				CURRENT_PROJECT_VERSION = 1;
				DEVELOPMENT_TEAM = 42GXJBRR46;
				GENERATE_INFOPLIST_FILE = YES;
				IPHONEOS_DEPLOYMENT_TARGET = 17.0;
				MARKETING_VERSION = 1.0;
				PRODUCT_BUNDLE_IDENTIFIER = vipataeliel.BlackValleyComicsTests;
				PRODUCT_NAME = "$(TARGET_NAME)";
				SWIFT_EMIT_LOC_STRINGS = NO;
				SWIFT_VERSION = 5.0;
				TARGETED_DEVICE_FAMILY = "1,2";
				TEST_HOST = "$(BUILT_PRODUCTS_DIR)/BlackValleyComics.app/$(BUNDLE_EXECUTABLE_FOLDER_PATH)/BlackValleyComics";
			};
			name = Release;
		};
		3F52ABED2B66EA5500A4DBD7 /* Debug */ = {
			isa = XCBuildConfiguration;
			buildSettings = {
				ALWAYS_EMBED_SWIFT_STANDARD_LIBRARIES = YES;
				CODE_SIGN_STYLE = Automatic;
				CURRENT_PROJECT_VERSION = 1;
				DEVELOPMENT_TEAM = 42GXJBRR46;
				GENERATE_INFOPLIST_FILE = YES;
				MARKETING_VERSION = 1.0;
				PRODUCT_BUNDLE_IDENTIFIER = vipataeliel.BlackValleyComicsUITests;
				PRODUCT_NAME = "$(TARGET_NAME)";
				SWIFT_EMIT_LOC_STRINGS = NO;
				SWIFT_VERSION = 5.0;
				TARGETED_DEVICE_FAMILY = "1,2";
				TEST_TARGET_NAME = BlackValleyComics;
			};
			name = Debug;
		};
		3F52ABEE2B66EA5500A4DBD7 /* Release */ = {
			isa = XCBuildConfiguration;
			buildSettings = {
				ALWAYS_EMBED_SWIFT_STANDARD_LIBRARIES = YES;
				CODE_SIGN_STYLE = Automatic;
				CURRENT_PROJECT_VERSION = 1;
				DEVELOPMENT_TEAM = 42GXJBRR46;
				GENERATE_INFOPLIST_FILE = YES;
				MARKETING_VERSION = 1.0;
				PRODUCT_BUNDLE_IDENTIFIER = vipataeliel.BlackValleyComicsUITests;
				PRODUCT_NAME = "$(TARGET_NAME)";
				SWIFT_EMIT_LOC_STRINGS = NO;
				SWIFT_VERSION = 5.0;
				TARGETED_DEVICE_FAMILY = "1,2";
				TEST_TARGET_NAME = BlackValleyComics;
			};
			name = Release;
		};
/* End XCBuildConfiguration section */

/* Begin XCConfigurationList section */
		3F52ABB82B66EA5300A4DBD7 /* Build configuration list for PBXProject "BlackValleyComics" */ = {
			isa = XCConfigurationList;
			buildConfigurations = (
				3F52ABE42B66EA5500A4DBD7 /* Debug */,
				3F52ABE52B66EA5500A4DBD7 /* Release */,
			);
			defaultConfigurationIsVisible = 0;
			defaultConfigurationName = Release;
		};
		3F52ABE62B66EA5500A4DBD7 /* Build configuration list for PBXNativeTarget "BlackValleyComics" */ = {
			isa = XCConfigurationList;
			buildConfigurations = (
				3F52ABE72B66EA5500A4DBD7 /* Debug */,
				3F52ABE82B66EA5500A4DBD7 /* Release */,
			);
			defaultConfigurationIsVisible = 0;
			defaultConfigurationName = Release;
		};
		3F52ABE92B66EA5500A4DBD7 /* Build configuration list for PBXNativeTarget "BlackValleyComicsTests" */ = {
			isa = XCConfigurationList;
			buildConfigurations = (
				3F52ABEA2B66EA5500A4DBD7 /* Debug */,
				3F52ABEB2B66EA5500A4DBD7 /* Release */,
			);
			defaultConfigurationIsVisible = 0;
			defaultConfigurationName = Release;
		};
		3F52ABEC2B66EA5500A4DBD7 /* Build configuration list for PBXNativeTarget "BlackValleyComicsUITests" */ = {
			isa = XCConfigurationList;
			buildConfigurations = (
				3F52ABED2B66EA5500A4DBD7 /* Debug */,
				3F52ABEE2B66EA5500A4DBD7 /* Release */,
			);
			defaultConfigurationIsVisible = 0;
			defaultConfigurationName = Release;
		};
/* End XCConfigurationList section */

/* Begin XCVersionGroup section */
		3F52ABCB2B66EA5400A4DBD7 /* BlackValleyComics.xcdatamodeld */ = {
			isa = XCVersionGroup;
			children = (
				3F52ABCC2B66EA5400A4DBD7 /* BlackValleyComics.xcdatamodel */,
			);
			currentVersion = 3F52ABCC2B66EA5400A4DBD7 /* BlackValleyComics.xcdatamodel */;
			path = BlackValleyComics.xcdatamodeld;
			sourceTree = "<group>";
			versionGroupType = wrapper.xcdatamodel;
		};
/* End XCVersionGroup section */
	};
	rootObject = 3F52ABB52B66EA5300A4DBD7 /* Project object */;
}
